
Microsoft Visual Studio Solution File, Format Version 12.00
# Visual Studio Version 17
VisualStudioVersion = 17.9.34714.143
MinimumVisualStudioVersion = 10.0.40219.1
Project("{FAE04EC0-301F-11D3-BF4B-00C04F79EFBC}") = "ClassMateriWeek09", "ClassMateriWeek09\ClassMateriWeek09.csproj", "{CE731F29-383B-4B47-A734-26A1505DD78D}"
EndProject
Global
	GlobalSection(SolutionConfigurationPlatforms) = preSolution
		Debug|Any CPU = Debug|Any CPU
		Release|Any CPU = Release|Any CPU
	EndGlobalSection
	GlobalSection(ProjectConfigurationPlatforms) = postSolution
		{CE731F29-383B-4B47-A734-26A1505DD78D}.Debug|Any CPU.ActiveCfg = Debug|Any CPU
		{CE731F29-383B-4B47-A734-26A1505DD78D}.Debug|Any CPU.Build.0 = Debug|Any CPU
		{CE731F29-383B-4B47-A734-26A1505DD78D}.Release|Any CPU.ActiveCfg = Release|Any CPU
		{CE731F29-383B-4B47-A734-26A1505DD78D}.Release|Any CPU.Build.0 = Release|Any CPU
	EndGlobalSection
	GlobalSection(SolutionProperties) = preSolution
		HideSolutionNode = FALSE
	EndGlobalSection
	GlobalSection(ExtensibilityGlobals) = postSolution
		SolutionGuid = {62169F89-7C6E-4B11-A7D2-5640B30F582B}
	EndGlobalSection
EndGlobal
