
Microsoft Visual Studio Solution File, Format Version 12.00
# Visual Studio Version 17
VisualStudioVersion = 17.9.34714.143
MinimumVisualStudioVersion = 10.0.40219.1
Project("{FAE04EC0-301F-11D3-BF4B-00C04F79EFBC}") = "classassw11", "classassw11\classassw11.csproj", "{400C66E1-643F-4776-AA73-BBDD6B4A362F}"
EndProject
Global
	GlobalSection(SolutionConfigurationPlatforms) = preSolution
		Debug|Any CPU = Debug|Any CPU
		Release|Any CPU = Release|Any CPU
	EndGlobalSection
	GlobalSection(ProjectConfigurationPlatforms) = postSolution
		{400C66E1-643F-4776-AA73-BBDD6B4A362F}.Debug|Any CPU.ActiveCfg = Debug|Any CPU
		{400C66E1-643F-4776-AA73-BBDD6B4A362F}.Debug|Any CPU.Build.0 = Debug|Any CPU
		{400C66E1-643F-4776-AA73-BBDD6B4A362F}.Release|Any CPU.ActiveCfg = Release|Any CPU
		{400C66E1-643F-4776-AA73-BBDD6B4A362F}.Release|Any CPU.Build.0 = Release|Any CPU
	EndGlobalSection
	GlobalSection(SolutionProperties) = preSolution
		HideSolutionNode = FALSE
	EndGlobalSection
	GlobalSection(ExtensibilityGlobals) = postSolution
		SolutionGuid = {9C072BA6-026F-456A-9CDF-509F1F2AED30}
	EndGlobalSection
EndGlobal
