
Microsoft Visual Studio Solution File, Format Version 12.00
# Visual Studio Version 17
VisualStudioVersion = 17.7.34031.279
MinimumVisualStudioVersion = 10.0.40219.1
Project("{FAE04EC0-301F-11D3-BF4B-00C04F79EFBC}") = "TH03_0706022310037_sem02_fixed", "TH03_0706022310037_sem02_fixed\TH03_0706022310037_sem02_fixed.csproj", "{D2B5B461-00EB-40DD-BFF5-CC925CCEC739}"
EndProject
Global
	GlobalSection(SolutionConfigurationPlatforms) = preSolution
		Debug|Any CPU = Debug|Any CPU
		Release|Any CPU = Release|Any CPU
	EndGlobalSection
	GlobalSection(ProjectConfigurationPlatforms) = postSolution
		{D2B5B461-00EB-40DD-BFF5-CC925CCEC739}.Debug|Any CPU.ActiveCfg = Debug|Any CPU
		{D2B5B461-00EB-40DD-BFF5-CC925CCEC739}.Debug|Any CPU.Build.0 = Debug|Any CPU
		{D2B5B461-00EB-40DD-BFF5-CC925CCEC739}.Release|Any CPU.ActiveCfg = Release|Any CPU
		{D2B5B461-00EB-40DD-BFF5-CC925CCEC739}.Release|Any CPU.Build.0 = Release|Any CPU
	EndGlobalSection
	GlobalSection(SolutionProperties) = preSolution
		HideSolutionNode = FALSE
	EndGlobalSection
	GlobalSection(ExtensibilityGlobals) = postSolution
		SolutionGuid = {CB0DE140-03F8-4BD1-A3F3-044DCAF9301B}
	EndGlobalSection
EndGlobal
