
Microsoft Visual Studio Solution File, Format Version 12.00
# Visual Studio Version 17
VisualStudioVersion = 17.7.34031.279
MinimumVisualStudioVersion = 10.0.40219.1
Project("{FAE04EC0-301F-11D3-BF4B-00C04F79EFBC}") = "TH02_0706022310037", "TH02_0706022310037\TH02_0706022310037.csproj", "{0A7A1EA9-7FB0-4DF2-87F0-31A66308934C}"
EndProject
Global
	GlobalSection(SolutionConfigurationPlatforms) = preSolution
		Debug|Any CPU = Debug|Any CPU
		Release|Any CPU = Release|Any CPU
	EndGlobalSection
	GlobalSection(ProjectConfigurationPlatforms) = postSolution
		{0A7A1EA9-7FB0-4DF2-87F0-31A66308934C}.Debug|Any CPU.ActiveCfg = Debug|Any CPU
		{0A7A1EA9-7FB0-4DF2-87F0-31A66308934C}.Debug|Any CPU.Build.0 = Debug|Any CPU
		{0A7A1EA9-7FB0-4DF2-87F0-31A66308934C}.Release|Any CPU.ActiveCfg = Release|Any CPU
		{0A7A1EA9-7FB0-4DF2-87F0-31A66308934C}.Release|Any CPU.Build.0 = Release|Any CPU
	EndGlobalSection
	GlobalSection(SolutionProperties) = preSolution
		HideSolutionNode = FALSE
	EndGlobalSection
	GlobalSection(ExtensibilityGlobals) = postSolution
		SolutionGuid = {42F4E198-1A28-4C0F-BA60-30D9FB4538F2}
	EndGlobalSection
EndGlobal
