
Microsoft Visual Studio Solution File, Format Version 12.00
# Visual Studio Version 17
VisualStudioVersion = 17.8.34316.72
MinimumVisualStudioVersion = 10.0.40219.1
Project("{FAE04EC0-301F-11D3-BF4B-00C04F79EFBC}") = "classlearnweek03", "classlearnweek03.csproj", "{B51A1433-37A1-4C09-B9C0-9A9A9CF70C1B}"
EndProject
Global
	GlobalSection(SolutionConfigurationPlatforms) = preSolution
		Debug|Any CPU = Debug|Any CPU
		Release|Any CPU = Release|Any CPU
	EndGlobalSection
	GlobalSection(ProjectConfigurationPlatforms) = postSolution
		{B51A1433-37A1-4C09-B9C0-9A9A9CF70C1B}.Debug|Any CPU.ActiveCfg = Debug|Any CPU
		{B51A1433-37A1-4C09-B9C0-9A9A9CF70C1B}.Debug|Any CPU.Build.0 = Debug|Any CPU
		{B51A1433-37A1-4C09-B9C0-9A9A9CF70C1B}.Release|Any CPU.ActiveCfg = Release|Any CPU
		{B51A1433-37A1-4C09-B9C0-9A9A9CF70C1B}.Release|Any CPU.Build.0 = Release|Any CPU
	EndGlobalSection
	GlobalSection(SolutionProperties) = preSolution
		HideSolutionNode = FALSE
	EndGlobalSection
	GlobalSection(ExtensibilityGlobals) = postSolution
		SolutionGuid = {B880E48C-9198-4570-9033-381AE7D49C1C}
	EndGlobalSection
EndGlobal
