
Microsoft Visual Studio Solution File, Format Version 12.00
# Visual Studio Version 17
VisualStudioVersion = 17.9.34714.143
MinimumVisualStudioVersion = 10.0.40219.1
Project("{FAE04EC0-301F-11D3-BF4B-00C04F79EFBC}") = "ClassAssW15", "ClassAssW15\ClassAssW15.csproj", "{808ACCC8-68DF-4D20-9DC9-CEAA1F09DFFA}"
EndProject
Global
	GlobalSection(SolutionConfigurationPlatforms) = preSolution
		Debug|Any CPU = Debug|Any CPU
		Release|Any CPU = Release|Any CPU
	EndGlobalSection
	GlobalSection(ProjectConfigurationPlatforms) = postSolution
		{808ACCC8-68DF-4D20-9DC9-CEAA1F09DFFA}.Debug|Any CPU.ActiveCfg = Debug|Any CPU
		{808ACCC8-68DF-4D20-9DC9-CEAA1F09DFFA}.Debug|Any CPU.Build.0 = Debug|Any CPU
		{808ACCC8-68DF-4D20-9DC9-CEAA1F09DFFA}.Release|Any CPU.ActiveCfg = Release|Any CPU
		{808ACCC8-68DF-4D20-9DC9-CEAA1F09DFFA}.Release|Any CPU.Build.0 = Release|Any CPU
	EndGlobalSection
	GlobalSection(SolutionProperties) = preSolution
		HideSolutionNode = FALSE
	EndGlobalSection
	GlobalSection(ExtensibilityGlobals) = postSolution
		SolutionGuid = {A6EB6190-4BE5-4349-B283-60850B846D7D}
	EndGlobalSection
EndGlobal
